// !$*UTF8*$!
{
	archiveVersion = 1;
	classes = {
	};
	objectVersion = 56;
	objects = {

/* Begin PBXBuildFile section */
		A70826142A830B8A00DC3C6D /* VelhaModel.swift in Sources */ = {isa = PBXBuildFile; fileRef = A70826132A830B8A00DC3C6D /* VelhaModel.swift */; };
		A70826162A8310C500DC3C6D /* VelhaViewModel.swift in Sources */ = {isa = PBXBuildFile; fileRef = A70826152A8310C500DC3C6D /* VelhaViewModel.swift */; };
		A70826182A83153C00DC3C6D /* VelhaView.swift in Sources */ = {isa = PBXBuildFile; fileRef = A70826172A83153C00DC3C6D /* VelhaView.swift */; };
		A708261B2A831D1700DC3C6D /* RadioButtonField.swift in Sources */ = {isa = PBXBuildFile; fileRef = A708261A2A831D1700DC3C6D /* RadioButtonField.swift */; };
		A708261D2A831D3F00DC3C6D /* RadioButtonGroup.swift in Sources */ = {isa = PBXBuildFile; fileRef = A708261C2A831D3F00DC3C6D /* RadioButtonGroup.swift */; };
		A708261F2A831D6800DC3C6D /* ExemploRadioButton.swift in Sources */ = {isa = PBXBuildFile; fileRef = A708261E2A831D6800DC3C6D /* ExemploRadioButton.swift */; };
		A70E381529BA4F82008C5E73 /* ProgressShape.swift in Sources */ = {isa = PBXBuildFile; fileRef = A70E381429BA4F82008C5E73 /* ProgressShape.swift */; };
		A7158AE72A95330F005D07FA /* ExemploEfeitos.swift in Sources */ = {isa = PBXBuildFile; fileRef = A7158AE62A95330F005D07FA /* ExemploEfeitos.swift */; };
		A71E676929B8C88500B0CB22 /* UIUtil.swift in Sources */ = {isa = PBXBuildFile; fileRef = A71E676829B8C88500B0CB22 /* UIUtil.swift */; };
		A75B58DA29AFF3FB0075BC3D /* HomeScreen.swift in Sources */ = {isa = PBXBuildFile; fileRef = A75B58D929AFF3FB0075BC3D /* HomeScreen.swift */; };
		A7621043299D5D1F00DA6072 /* MemoryGameView.swift in Sources */ = {isa = PBXBuildFile; fileRef = A7621042299D5D1F00DA6072 /* MemoryGameView.swift */; };
		A76364DC29B008F60045FBA9 /* CalculadoraView.swift in Sources */ = {isa = PBXBuildFile; fileRef = A76364DB29B008F60045FBA9 /* CalculadoraView.swift */; };
		A773522F2A93A1F200DAF612 /* ExemploMenu.swift in Sources */ = {isa = PBXBuildFile; fileRef = A773522E2A93A1F200DAF612 /* ExemploMenu.swift */; };
		A7823D732A827A89001282BB /* Clima.swift in Sources */ = {isa = PBXBuildFile; fileRef = A7823D702A827A89001282BB /* Clima.swift */; };
		A7823D742A827A89001282BB /* Perfil.swift in Sources */ = {isa = PBXBuildFile; fileRef = A7823D712A827A89001282BB /* Perfil.swift */; };
		A7823D752A827A89001282BB /* MacaMordida.swift in Sources */ = {isa = PBXBuildFile; fileRef = A7823D722A827A89001282BB /* MacaMordida.swift */; };
		A7823D772A827FAD001282BB /* Interacao.swift in Sources */ = {isa = PBXBuildFile; fileRef = A7823D762A827FAD001282BB /* Interacao.swift */; };
		A78442162996E79700058939 /* MemoriaApp.swift in Sources */ = {isa = PBXBuildFile; fileRef = A78442152996E79700058939 /* MemoriaApp.swift */; };
		A78442182996E79700058939 /* HelloWorld.swift in Sources */ = {isa = PBXBuildFile; fileRef = A78442172996E79700058939 /* HelloWorld.swift */; };
		A784421A2996E79800058939 /* Assets.xcassets in Resources */ = {isa = PBXBuildFile; fileRef = A78442192996E79800058939 /* Assets.xcassets */; };
		A784421D2996E79800058939 /* Preview Assets.xcassets in Resources */ = {isa = PBXBuildFile; fileRef = A784421C2996E79800058939 /* Preview Assets.xcassets */; };
		A79B69442AB09E4B0000FA1F /* LojaView.swift in Sources */ = {isa = PBXBuildFile; fileRef = A79B69432AB09E4B0000FA1F /* LojaView.swift */; };
		A79B69482AB09EBC0000FA1F /* LojaDetalhesItemView.swift in Sources */ = {isa = PBXBuildFile; fileRef = A79B69472AB09EBC0000FA1F /* LojaDetalhesItemView.swift */; };
		A79B694A2AB09F390000FA1F /* HTTPFetch.swift in Sources */ = {isa = PBXBuildFile; fileRef = A79B69492AB09F390000FA1F /* HTTPFetch.swift */; };
		A79B694C2AB09F7E0000FA1F /* LojaAPI.swift in Sources */ = {isa = PBXBuildFile; fileRef = A79B694B2AB09F7E0000FA1F /* LojaAPI.swift */; };
		A79B694E2AB0A0B80000FA1F /* LojaModels.swift in Sources */ = {isa = PBXBuildFile; fileRef = A79B694D2AB0A0B80000FA1F /* LojaModels.swift */; };
		A79B69502AB0A13A0000FA1F /* LojaViewModel.swift in Sources */ = {isa = PBXBuildFile; fileRef = A79B694F2AB0A13A0000FA1F /* LojaViewModel.swift */; };
		A7A055912A9E9048008FD8ED /* PokemonView.swift in Sources */ = {isa = PBXBuildFile; fileRef = A7A055902A9E9048008FD8ED /* PokemonView.swift */; };
		A7A055932A9E915C008FD8ED /* PokemonModel.swift in Sources */ = {isa = PBXBuildFile; fileRef = A7A055922A9E915C008FD8ED /* PokemonModel.swift */; };
		A7A055952A9E9335008FD8ED /* PokemonViewModel.swift in Sources */ = {isa = PBXBuildFile; fileRef = A7A055942A9E9335008FD8ED /* PokemonViewModel.swift */; };
		A7A11B6829A95C4E009B7FD4 /* MemoryModel.swift in Sources */ = {isa = PBXBuildFile; fileRef = A7A11B6729A95C4E009B7FD4 /* MemoryModel.swift */; };
		A7A11B6A29A95EE5009B7FD4 /* MemoryViewModel.swift in Sources */ = {isa = PBXBuildFile; fileRef = A7A11B6929A95EE5009B7FD4 /* MemoryViewModel.swift */; };
		A7A5A0B529CE3741003ACBB4 /* EmojiArtViewModel.swift in Sources */ = {isa = PBXBuildFile; fileRef = A7A5A0B429CE3741003ACBB4 /* EmojiArtViewModel.swift */; };
		A7A5A0B729CE386D003ACBB4 /* UtilityExtensions.swift in Sources */ = {isa = PBXBuildFile; fileRef = A7A5A0B629CE386D003ACBB4 /* UtilityExtensions.swift */; };
		A7A8ADD529B663BB007ADE2A /* AspectVGrid.swift in Sources */ = {isa = PBXBuildFile; fileRef = A7A8ADD429B663BB007ADE2A /* AspectVGrid.swift */; };
		A7A8ADD729B672FB007ADE2A /* Cardify.swift in Sources */ = {isa = PBXBuildFile; fileRef = A7A8ADD629B672FB007ADE2A /* Cardify.swift */; };
		A7B2611C2A94E905007C57AF /* TesteMatchedGeometry.swift in Sources */ = {isa = PBXBuildFile; fileRef = A7B2611B2A94E905007C57AF /* TesteMatchedGeometry.swift */; };
		A7B2611E2A95022B007C57AF /* Galeria.swift in Sources */ = {isa = PBXBuildFile; fileRef = A7B2611D2A95022B007C57AF /* Galeria.swift */; };
		A7B676082A957BDD008CC992 /* TesteAnimacao.swift in Sources */ = {isa = PBXBuildFile; fileRef = A7B676072A957BDD008CC992 /* TesteAnimacao.swift */; };
		A7EB171129B0C5BB0094AF51 /* CalculadoraViewModel.swift in Sources */ = {isa = PBXBuildFile; fileRef = A7EB171029B0C5BB0094AF51 /* CalculadoraViewModel.swift */; };
		A7EB171329B0C5CB0094AF51 /* CalculadoraModel.swift in Sources */ = {isa = PBXBuildFile; fileRef = A7EB171229B0C5CB0094AF51 /* CalculadoraModel.swift */; };
		A7EEB85429CE20C60076AA68 /* EmojiArtView.swift in Sources */ = {isa = PBXBuildFile; fileRef = A7EEB85329CE20C60076AA68 /* EmojiArtView.swift */; };
		A7EEB85629CE21310076AA68 /* EmojiArtModel.swift in Sources */ = {isa = PBXBuildFile; fileRef = A7EEB85529CE21310076AA68 /* EmojiArtModel.swift */; };
		A7FF4DF229B837B700CB955C /* MemoryThemes.swift in Sources */ = {isa = PBXBuildFile; fileRef = A7FF4DF129B837B700CB955C /* MemoryThemes.swift */; };
/* End PBXBuildFile section */

/* Begin PBXFileReference section */
		A70826132A830B8A00DC3C6D /* VelhaModel.swift */ = {isa = PBXFileReference; lastKnownFileType = sourcecode.swift; path = VelhaModel.swift; sourceTree = "<group>"; };
		A70826152A8310C500DC3C6D /* VelhaViewModel.swift */ = {isa = PBXFileReference; lastKnownFileType = sourcecode.swift; path = VelhaViewModel.swift; sourceTree = "<group>"; };
		A70826172A83153C00DC3C6D /* VelhaView.swift */ = {isa = PBXFileReference; lastKnownFileType = sourcecode.swift; path = VelhaView.swift; sourceTree = "<group>"; };
		A708261A2A831D1700DC3C6D /* RadioButtonField.swift */ = {isa = PBXFileReference; lastKnownFileType = sourcecode.swift; path = RadioButtonField.swift; sourceTree = "<group>"; };
		A708261C2A831D3F00DC3C6D /* RadioButtonGroup.swift */ = {isa = PBXFileReference; lastKnownFileType = sourcecode.swift; path = RadioButtonGroup.swift; sourceTree = "<group>"; };
		A708261E2A831D6800DC3C6D /* ExemploRadioButton.swift */ = {isa = PBXFileReference; lastKnownFileType = sourcecode.swift; path = ExemploRadioButton.swift; sourceTree = "<group>"; };
		A70E381429BA4F82008C5E73 /* ProgressShape.swift */ = {isa = PBXFileReference; lastKnownFileType = sourcecode.swift; path = ProgressShape.swift; sourceTree = "<group>"; };
		A7158AE62A95330F005D07FA /* ExemploEfeitos.swift */ = {isa = PBXFileReference; lastKnownFileType = sourcecode.swift; path = ExemploEfeitos.swift; sourceTree = "<group>"; };
		A71E676829B8C88500B0CB22 /* UIUtil.swift */ = {isa = PBXFileReference; lastKnownFileType = sourcecode.swift; path = UIUtil.swift; sourceTree = "<group>"; };
		A75B58D929AFF3FB0075BC3D /* HomeScreen.swift */ = {isa = PBXFileReference; lastKnownFileType = sourcecode.swift; path = HomeScreen.swift; sourceTree = "<group>"; };
		A7621042299D5D1F00DA6072 /* MemoryGameView.swift */ = {isa = PBXFileReference; lastKnownFileType = sourcecode.swift; path = MemoryGameView.swift; sourceTree = "<group>"; };
		A76364DB29B008F60045FBA9 /* CalculadoraView.swift */ = {isa = PBXFileReference; lastKnownFileType = sourcecode.swift; path = CalculadoraView.swift; sourceTree = "<group>"; };
		A773522E2A93A1F200DAF612 /* ExemploMenu.swift */ = {isa = PBXFileReference; lastKnownFileType = sourcecode.swift; path = ExemploMenu.swift; sourceTree = "<group>"; };
		A7823D702A827A89001282BB /* Clima.swift */ = {isa = PBXFileReference; fileEncoding = 4; lastKnownFileType = sourcecode.swift; name = Clima.swift; path = Memoria/Testes/Clima.swift; sourceTree = SOURCE_ROOT; };
		A7823D712A827A89001282BB /* Perfil.swift */ = {isa = PBXFileReference; fileEncoding = 4; lastKnownFileType = sourcecode.swift; name = Perfil.swift; path = Memoria/Testes/Perfil.swift; sourceTree = SOURCE_ROOT; };
		A7823D722A827A89001282BB /* MacaMordida.swift */ = {isa = PBXFileReference; fileEncoding = 4; lastKnownFileType = sourcecode.swift; name = MacaMordida.swift; path = Memoria/Testes/MacaMordida.swift; sourceTree = SOURCE_ROOT; };
		A7823D762A827FAD001282BB /* Interacao.swift */ = {isa = PBXFileReference; lastKnownFileType = sourcecode.swift; path = Interacao.swift; sourceTree = "<group>"; };
		A78442122996E79700058939 /* Memoria.app */ = {isa = PBXFileReference; explicitFileType = wrapper.application; includeInIndex = 0; path = Memoria.app; sourceTree = BUILT_PRODUCTS_DIR; };
		A78442152996E79700058939 /* MemoriaApp.swift */ = {isa = PBXFileReference; lastKnownFileType = sourcecode.swift; path = MemoriaApp.swift; sourceTree = "<group>"; };
		A78442172996E79700058939 /* HelloWorld.swift */ = {isa = PBXFileReference; lastKnownFileType = sourcecode.swift; path = HelloWorld.swift; sourceTree = "<group>"; };
		A78442192996E79800058939 /* Assets.xcassets */ = {isa = PBXFileReference; lastKnownFileType = folder.assetcatalog; path = Assets.xcassets; sourceTree = "<group>"; };
		A784421C2996E79800058939 /* Preview Assets.xcassets */ = {isa = PBXFileReference; lastKnownFileType = folder.assetcatalog; path = "Preview Assets.xcassets"; sourceTree = "<group>"; };
		A79B69432AB09E4B0000FA1F /* LojaView.swift */ = {isa = PBXFileReference; lastKnownFileType = sourcecode.swift; path = LojaView.swift; sourceTree = "<group>"; };
		A79B69472AB09EBC0000FA1F /* LojaDetalhesItemView.swift */ = {isa = PBXFileReference; lastKnownFileType = sourcecode.swift; path = LojaDetalhesItemView.swift; sourceTree = "<group>"; };
		A79B69492AB09F390000FA1F /* HTTPFetch.swift */ = {isa = PBXFileReference; lastKnownFileType = sourcecode.swift; path = HTTPFetch.swift; sourceTree = "<group>"; };
		A79B694B2AB09F7E0000FA1F /* LojaAPI.swift */ = {isa = PBXFileReference; lastKnownFileType = sourcecode.swift; path = LojaAPI.swift; sourceTree = "<group>"; };
		A79B694D2AB0A0B80000FA1F /* LojaModels.swift */ = {isa = PBXFileReference; lastKnownFileType = sourcecode.swift; path = LojaModels.swift; sourceTree = "<group>"; };
		A79B694F2AB0A13A0000FA1F /* LojaViewModel.swift */ = {isa = PBXFileReference; lastKnownFileType = sourcecode.swift; path = LojaViewModel.swift; sourceTree = "<group>"; };
		A7A055902A9E9048008FD8ED /* PokemonView.swift */ = {isa = PBXFileReference; lastKnownFileType = sourcecode.swift; path = PokemonView.swift; sourceTree = "<group>"; };
		A7A055922A9E915C008FD8ED /* PokemonModel.swift */ = {isa = PBXFileReference; lastKnownFileType = sourcecode.swift; path = PokemonModel.swift; sourceTree = "<group>"; };
		A7A055942A9E9335008FD8ED /* PokemonViewModel.swift */ = {isa = PBXFileReference; lastKnownFileType = sourcecode.swift; path = PokemonViewModel.swift; sourceTree = "<group>"; };
		A7A11B6729A95C4E009B7FD4 /* MemoryModel.swift */ = {isa = PBXFileReference; lastKnownFileType = sourcecode.swift; path = MemoryModel.swift; sourceTree = "<group>"; };
		A7A11B6929A95EE5009B7FD4 /* MemoryViewModel.swift */ = {isa = PBXFileReference; lastKnownFileType = sourcecode.swift; path = MemoryViewModel.swift; sourceTree = "<group>"; };
		A7A5A0B429CE3741003ACBB4 /* EmojiArtViewModel.swift */ = {isa = PBXFileReference; lastKnownFileType = sourcecode.swift; path = EmojiArtViewModel.swift; sourceTree = "<group>"; };
		A7A5A0B629CE386D003ACBB4 /* UtilityExtensions.swift */ = {isa = PBXFileReference; lastKnownFileType = sourcecode.swift; path = UtilityExtensions.swift; sourceTree = "<group>"; };
		A7A8ADD429B663BB007ADE2A /* AspectVGrid.swift */ = {isa = PBXFileReference; lastKnownFileType = sourcecode.swift; path = AspectVGrid.swift; sourceTree = "<group>"; };
		A7A8ADD629B672FB007ADE2A /* Cardify.swift */ = {isa = PBXFileReference; lastKnownFileType = sourcecode.swift; path = Cardify.swift; sourceTree = "<group>"; };
		A7B2611B2A94E905007C57AF /* TesteMatchedGeometry.swift */ = {isa = PBXFileReference; lastKnownFileType = sourcecode.swift; path = TesteMatchedGeometry.swift; sourceTree = "<group>"; };
		A7B2611D2A95022B007C57AF /* Galeria.swift */ = {isa = PBXFileReference; lastKnownFileType = sourcecode.swift; path = Galeria.swift; sourceTree = "<group>"; };
		A7B676072A957BDD008CC992 /* TesteAnimacao.swift */ = {isa = PBXFileReference; lastKnownFileType = sourcecode.swift; path = TesteAnimacao.swift; sourceTree = "<group>"; };
		A7EB171029B0C5BB0094AF51 /* CalculadoraViewModel.swift */ = {isa = PBXFileReference; lastKnownFileType = sourcecode.swift; path = CalculadoraViewModel.swift; sourceTree = "<group>"; };
		A7EB171229B0C5CB0094AF51 /* CalculadoraModel.swift */ = {isa = PBXFileReference; lastKnownFileType = sourcecode.swift; path = CalculadoraModel.swift; sourceTree = "<group>"; };
		A7EEB85329CE20C60076AA68 /* EmojiArtView.swift */ = {isa = PBXFileReference; lastKnownFileType = sourcecode.swift; path = EmojiArtView.swift; sourceTree = "<group>"; };
		A7EEB85529CE21310076AA68 /* EmojiArtModel.swift */ = {isa = PBXFileReference; lastKnownFileType = sourcecode.swift; path = EmojiArtModel.swift; sourceTree = "<group>"; };
		A7FF4DF129B837B700CB955C /* MemoryThemes.swift */ = {isa = PBXFileReference; lastKnownFileType = sourcecode.swift; path = MemoryThemes.swift; sourceTree = "<group>"; };
/* End PBXFileReference section */

/* Begin PBXFrameworksBuildPhase section */
		A784420F2996E79700058939 /* Frameworks */ = {
			isa = PBXFrameworksBuildPhase;
			buildActionMask = 2147483647;
			files = (
			);
			runOnlyForDeploymentPostprocessing = 0;
		};
/* End PBXFrameworksBuildPhase section */

/* Begin PBXGroup section */
		A70826122A830B4700DC3C6D /* JogoDaVelha */ = {
			isa = PBXGroup;
			children = (
				A70826132A830B8A00DC3C6D /* VelhaModel.swift */,
				A70826152A8310C500DC3C6D /* VelhaViewModel.swift */,
				A70826172A83153C00DC3C6D /* VelhaView.swift */,
			);
			path = JogoDaVelha;
			sourceTree = "<group>";
		};
		A70826192A831D0100DC3C6D /* RadioGroup */ = {
			isa = PBXGroup;
			children = (
				A708261A2A831D1700DC3C6D /* RadioButtonField.swift */,
				A708261C2A831D3F00DC3C6D /* RadioButtonGroup.swift */,
				A708261E2A831D6800DC3C6D /* ExemploRadioButton.swift */,
			);
			path = RadioGroup;
			sourceTree = "<group>";
		};
		A77DFCC12A98D1460091E08A /* PokemonApp */ = {
			isa = PBXGroup;
			children = (
				A7A055902A9E9048008FD8ED /* PokemonView.swift */,
				A7A055922A9E915C008FD8ED /* PokemonModel.swift */,
				A7A055942A9E9335008FD8ED /* PokemonViewModel.swift */,
			);
			path = PokemonApp;
			sourceTree = "<group>";
		};
		A7823D6F2A827A32001282BB /* Testes */ = {
			isa = PBXGroup;
			children = (
				A7823D702A827A89001282BB /* Clima.swift */,
				A7823D722A827A89001282BB /* MacaMordida.swift */,
				A7823D712A827A89001282BB /* Perfil.swift */,
				A7823D762A827FAD001282BB /* Interacao.swift */,
				A773522E2A93A1F200DAF612 /* ExemploMenu.swift */,
				A7B2611B2A94E905007C57AF /* TesteMatchedGeometry.swift */,
				A7B2611D2A95022B007C57AF /* Galeria.swift */,
				A7158AE62A95330F005D07FA /* ExemploEfeitos.swift */,
				A7B676072A957BDD008CC992 /* TesteAnimacao.swift */,
			);
			path = Testes;
			sourceTree = "<group>";
		};
		A78442092996E79700058939 = {
			isa = PBXGroup;
			children = (
				A78442142996E79700058939 /* Memoria */,
				A78442132996E79700058939 /* Products */,
			);
			sourceTree = "<group>";
		};
		A78442132996E79700058939 /* Products */ = {
			isa = PBXGroup;
			children = (
				A78442122996E79700058939 /* Memoria.app */,
			);
			name = Products;
			sourceTree = "<group>";
		};
		A78442142996E79700058939 /* Memoria */ = {
			isa = PBXGroup;
			children = (
				A79B69422AB09E200000FA1F /* LojaApp */,
				A77DFCC12A98D1460091E08A /* PokemonApp */,
				A70826192A831D0100DC3C6D /* RadioGroup */,
				A70826122A830B4700DC3C6D /* JogoDaVelha */,
				A7823D6F2A827A32001282BB /* Testes */,
				A7EEB85029CE209B0076AA68 /* EmojiArt */,
				A7E2808929B4BAA60016620F /* Coisas */,
				A7E2808829B4BA790016620F /* JogoMemoria */,
				A7E2808729B4BA460016620F /* Calculadora */,
				A75B58D929AFF3FB0075BC3D /* HomeScreen.swift */,
				A78442152996E79700058939 /* MemoriaApp.swift */,
				A78442192996E79800058939 /* Assets.xcassets */,
				A784421B2996E79800058939 /* Preview Content */,
			);
			path = Memoria;
			sourceTree = "<group>";
		};
		A784421B2996E79800058939 /* Preview Content */ = {
			isa = PBXGroup;
			children = (
				A784421C2996E79800058939 /* Preview Assets.xcassets */,
			);
			path = "Preview Content";
			sourceTree = "<group>";
		};
		A79B69422AB09E200000FA1F /* LojaApp */ = {
			isa = PBXGroup;
			children = (
				A79B69432AB09E4B0000FA1F /* LojaView.swift */,
				A79B69472AB09EBC0000FA1F /* LojaDetalhesItemView.swift */,
				A79B694B2AB09F7E0000FA1F /* LojaAPI.swift */,
				A79B694D2AB0A0B80000FA1F /* LojaModels.swift */,
				A79B694F2AB0A13A0000FA1F /* LojaViewModel.swift */,
			);
			path = LojaApp;
			sourceTree = "<group>";
		};
		A7E2808729B4BA460016620F /* Calculadora */ = {
			isa = PBXGroup;
			children = (
				A76364DB29B008F60045FBA9 /* CalculadoraView.swift */,
				A7EB171029B0C5BB0094AF51 /* CalculadoraViewModel.swift */,
				A7EB171229B0C5CB0094AF51 /* CalculadoraModel.swift */,
			);
			path = Calculadora;
			sourceTree = "<group>";
		};
		A7E2808829B4BA790016620F /* JogoMemoria */ = {
			isa = PBXGroup;
			children = (
				A7621042299D5D1F00DA6072 /* MemoryGameView.swift */,
				A7A11B6929A95EE5009B7FD4 /* MemoryViewModel.swift */,
				A7A11B6729A95C4E009B7FD4 /* MemoryModel.swift */,
				A7FF4DF129B837B700CB955C /* MemoryThemes.swift */,
			);
			path = JogoMemoria;
			sourceTree = "<group>";
		};
		A7E2808929B4BAA60016620F /* Coisas */ = {
			isa = PBXGroup;
			children = (
				A79B69492AB09F390000FA1F /* HTTPFetch.swift */,
				A78442172996E79700058939 /* HelloWorld.swift */,
				A71E676829B8C88500B0CB22 /* UIUtil.swift */,
				A7A8ADD429B663BB007ADE2A /* AspectVGrid.swift */,
				A70E381429BA4F82008C5E73 /* ProgressShape.swift */,
				A7A8ADD629B672FB007ADE2A /* Cardify.swift */,
			);
			path = Coisas;
			sourceTree = "<group>";
		};
		A7EEB85029CE209B0076AA68 /* EmojiArt */ = {
			isa = PBXGroup;
			children = (
				A7EEB85329CE20C60076AA68 /* EmojiArtView.swift */,
				A7EEB85529CE21310076AA68 /* EmojiArtModel.swift */,
				A7A5A0B429CE3741003ACBB4 /* EmojiArtViewModel.swift */,
				A7A5A0B629CE386D003ACBB4 /* UtilityExtensions.swift */,
			);
			path = EmojiArt;
			sourceTree = "<group>";
		};
/* End PBXGroup section */

/* Begin PBXNativeTarget section */
		A78442112996E79700058939 /* Memoria */ = {
			isa = PBXNativeTarget;
			buildConfigurationList = A78442202996E79800058939 /* Build configuration list for PBXNativeTarget "Memoria" */;
			buildPhases = (
				A784420E2996E79700058939 /* Sources */,
				A784420F2996E79700058939 /* Frameworks */,
				A78442102996E79700058939 /* Resources */,
			);
			buildRules = (
			);
			dependencies = (
			);
			name = Memoria;
			productName = Memoria;
			productReference = A78442122996E79700058939 /* Memoria.app */;
			productType = "com.apple.product-type.application";
		};
/* End PBXNativeTarget section */

/* Begin PBXProject section */
		A784420A2996E79700058939 /* Project object */ = {
			isa = PBXProject;
			attributes = {
				BuildIndependentTargetsInParallel = 1;
				LastSwiftUpdateCheck = 1420;
				LastUpgradeCheck = 1420;
				TargetAttributes = {
					A78442112996E79700058939 = {
						CreatedOnToolsVersion = 14.2;
					};
				};
			};
			buildConfigurationList = A784420D2996E79700058939 /* Build configuration list for PBXProject "Memoria" */;
			compatibilityVersion = "Xcode 14.0";
			developmentRegion = en;
			hasScannedForEncodings = 0;
			knownRegions = (
				en,
				Base,
			);
			mainGroup = A78442092996E79700058939;
			productRefGroup = A78442132996E79700058939 /* Products */;
			projectDirPath = "";
			projectRoot = "";
			targets = (
				A78442112996E79700058939 /* Memoria */,
			);
		};
/* End PBXProject section */

/* Begin PBXResourcesBuildPhase section */
		A78442102996E79700058939 /* Resources */ = {
			isa = PBXResourcesBuildPhase;
			buildActionMask = 2147483647;
			files = (
				A784421D2996E79800058939 /* Preview Assets.xcassets in Resources */,
				A784421A2996E79800058939 /* Assets.xcassets in Resources */,
			);
			runOnlyForDeploymentPostprocessing = 0;
		};
/* End PBXResourcesBuildPhase section */

/* Begin PBXSourcesBuildPhase section */
		A784420E2996E79700058939 /* Sources */ = {
			isa = PBXSourcesBuildPhase;
			buildActionMask = 2147483647;
			files = (
				A708261D2A831D3F00DC3C6D /* RadioButtonGroup.swift in Sources */,
				A7FF4DF229B837B700CB955C /* MemoryThemes.swift in Sources */,
				A7B2611C2A94E905007C57AF /* TesteMatchedGeometry.swift in Sources */,
				A773522F2A93A1F200DAF612 /* ExemploMenu.swift in Sources */,
				A79B694A2AB09F390000FA1F /* HTTPFetch.swift in Sources */,
				A7A5A0B729CE386D003ACBB4 /* UtilityExtensions.swift in Sources */,
				A79B69502AB0A13A0000FA1F /* LojaViewModel.swift in Sources */,
				A78442182996E79700058939 /* HelloWorld.swift in Sources */,
				A7823D772A827FAD001282BB /* Interacao.swift in Sources */,
				A708261B2A831D1700DC3C6D /* RadioButtonField.swift in Sources */,
				A7A5A0B529CE3741003ACBB4 /* EmojiArtViewModel.swift in Sources */,
				A71E676929B8C88500B0CB22 /* UIUtil.swift in Sources */,
				A7621043299D5D1F00DA6072 /* MemoryGameView.swift in Sources */,
				A7B676082A957BDD008CC992 /* TesteAnimacao.swift in Sources */,
				A7823D752A827A89001282BB /* MacaMordida.swift in Sources */,
				A7B2611E2A95022B007C57AF /* Galeria.swift in Sources */,
				A7A055952A9E9335008FD8ED /* PokemonViewModel.swift in Sources */,
				A79B69482AB09EBC0000FA1F /* LojaDetalhesItemView.swift in Sources */,
				A79B694E2AB0A0B80000FA1F /* LojaModels.swift in Sources */,
				A7EEB85429CE20C60076AA68 /* EmojiArtView.swift in Sources */,
				A7EB171329B0C5CB0094AF51 /* CalculadoraModel.swift in Sources */,
				A79B69442AB09E4B0000FA1F /* LojaView.swift in Sources */,
				A7823D742A827A89001282BB /* Perfil.swift in Sources */,
				A70826162A8310C500DC3C6D /* VelhaViewModel.swift in Sources */,
				A7A055932A9E915C008FD8ED /* PokemonModel.swift in Sources */,
				A75B58DA29AFF3FB0075BC3D /* HomeScreen.swift in Sources */,
				A7A8ADD729B672FB007ADE2A /* Cardify.swift in Sources */,
				A7823D732A827A89001282BB /* Clima.swift in Sources */,
				A7A11B6829A95C4E009B7FD4 /* MemoryModel.swift in Sources */,
				A79B694C2AB09F7E0000FA1F /* LojaAPI.swift in Sources */,
				A70826142A830B8A00DC3C6D /* VelhaModel.swift in Sources */,
				A7EB171129B0C5BB0094AF51 /* CalculadoraViewModel.swift in Sources */,
				A78442162996E79700058939 /* MemoriaApp.swift in Sources */,
				A7158AE72A95330F005D07FA /* ExemploEfeitos.swift in Sources */,
				A7A055912A9E9048008FD8ED /* PokemonView.swift in Sources */,
				A70E381529BA4F82008C5E73 /* ProgressShape.swift in Sources */,
				A76364DC29B008F60045FBA9 /* CalculadoraView.swift in Sources */,
				A70826182A83153C00DC3C6D /* VelhaView.swift in Sources */,
				A708261F2A831D6800DC3C6D /* ExemploRadioButton.swift in Sources */,
				A7EEB85629CE21310076AA68 /* EmojiArtModel.swift in Sources */,
				A7A8ADD529B663BB007ADE2A /* AspectVGrid.swift in Sources */,
				A7A11B6A29A95EE5009B7FD4 /* MemoryViewModel.swift in Sources */,
			);
			runOnlyForDeploymentPostprocessing = 0;
		};
/* End PBXSourcesBuildPhase section */

/* Begin XCBuildConfiguration section */
		A784421E2996E79800058939 /* Debug */ = {
			isa = XCBuildConfiguration;
			buildSettings = {
				ALWAYS_SEARCH_USER_PATHS = NO;
				CLANG_ANALYZER_NONNULL = YES;
				CLANG_ANALYZER_NUMBER_OBJECT_CONVERSION = YES_AGGRESSIVE;
				CLANG_CXX_LANGUAGE_STANDARD = "gnu++20";
				CLANG_ENABLE_MODULES = YES;
				CLANG_ENABLE_OBJC_ARC = YES;
				CLANG_ENABLE_OBJC_WEAK = YES;
				CLANG_WARN_BLOCK_CAPTURE_AUTORELEASING = YES;
				CLANG_WARN_BOOL_CONVERSION = YES;
				CLANG_WARN_COMMA = YES;
				CLANG_WARN_CONSTANT_CONVERSION = YES;
				CLANG_WARN_DEPRECATED_OBJC_IMPLEMENTATIONS = YES;
				CLANG_WARN_DIRECT_OBJC_ISA_USAGE = YES_ERROR;
				CLANG_WARN_DOCUMENTATION_COMMENTS = YES;
				CLANG_WARN_EMPTY_BODY = YES;
				CLANG_WARN_ENUM_CONVERSION = YES;
				CLANG_WARN_INFINITE_RECURSION = YES;
				CLANG_WARN_INT_CONVERSION = YES;
				CLANG_WARN_NON_LITERAL_NULL_CONVERSION = YES;
				CLANG_WARN_OBJC_IMPLICIT_RETAIN_SELF = YES;
				CLANG_WARN_OBJC_LITERAL_CONVERSION = YES;
				CLANG_WARN_OBJC_ROOT_CLASS = YES_ERROR;
				CLANG_WARN_QUOTED_INCLUDE_IN_FRAMEWORK_HEADER = YES;
				CLANG_WARN_RANGE_LOOP_ANALYSIS = YES;
				CLANG_WARN_STRICT_PROTOTYPES = YES;
				CLANG_WARN_SUSPICIOUS_MOVE = YES;
				CLANG_WARN_UNGUARDED_AVAILABILITY = YES_AGGRESSIVE;
				CLANG_WARN_UNREACHABLE_CODE = YES;
				CLANG_WARN__DUPLICATE_METHOD_MATCH = YES;
				COPY_PHASE_STRIP = NO;
				DEBUG_INFORMATION_FORMAT = dwarf;
				ENABLE_STRICT_OBJC_MSGSEND = YES;
				ENABLE_TESTABILITY = YES;
				GCC_C_LANGUAGE_STANDARD = gnu11;
				GCC_DYNAMIC_NO_PIC = NO;
				GCC_NO_COMMON_BLOCKS = YES;
				GCC_OPTIMIZATION_LEVEL = 0;
				GCC_PREPROCESSOR_DEFINITIONS = (
					"DEBUG=1",
					"$(inherited)",
				);
				GCC_WARN_64_TO_32_BIT_CONVERSION = YES;
				GCC_WARN_ABOUT_RETURN_TYPE = YES_ERROR;
				GCC_WARN_UNDECLARED_SELECTOR = YES;
				GCC_WARN_UNINITIALIZED_AUTOS = YES_AGGRESSIVE;
				GCC_WARN_UNUSED_FUNCTION = YES;
				GCC_WARN_UNUSED_VARIABLE = YES;
				IPHONEOS_DEPLOYMENT_TARGET = 16.2;
				MTL_ENABLE_DEBUG_INFO = INCLUDE_SOURCE;
				MTL_FAST_MATH = YES;
				ONLY_ACTIVE_ARCH = YES;
				SDKROOT = iphoneos;
				SWIFT_ACTIVE_COMPILATION_CONDITIONS = DEBUG;
				SWIFT_OPTIMIZATION_LEVEL = "-Onone";
			};
			name = Debug;
		};
		A784421F2996E79800058939 /* Release */ = {
			isa = XCBuildConfiguration;
			buildSettings = {
				ALWAYS_SEARCH_USER_PATHS = NO;
				CLANG_ANALYZER_NONNULL = YES;
				CLANG_ANALYZER_NUMBER_OBJECT_CONVERSION = YES_AGGRESSIVE;
				CLANG_CXX_LANGUAGE_STANDARD = "gnu++20";
				CLANG_ENABLE_MODULES = YES;
				CLANG_ENABLE_OBJC_ARC = YES;
				CLANG_ENABLE_OBJC_WEAK = YES;
				CLANG_WARN_BLOCK_CAPTURE_AUTORELEASING = YES;
				CLANG_WARN_BOOL_CONVERSION = YES;
				CLANG_WARN_COMMA = YES;
				CLANG_WARN_CONSTANT_CONVERSION = YES;
				CLANG_WARN_DEPRECATED_OBJC_IMPLEMENTATIONS = YES;
				CLANG_WARN_DIRECT_OBJC_ISA_USAGE = YES_ERROR;
				CLANG_WARN_DOCUMENTATION_COMMENTS = YES;
				CLANG_WARN_EMPTY_BODY = YES;
				CLANG_WARN_ENUM_CONVERSION = YES;
				CLANG_WARN_INFINITE_RECURSION = YES;
				CLANG_WARN_INT_CONVERSION = YES;
				CLANG_WARN_NON_LITERAL_NULL_CONVERSION = YES;
				CLANG_WARN_OBJC_IMPLICIT_RETAIN_SELF = YES;
				CLANG_WARN_OBJC_LITERAL_CONVERSION = YES;
				CLANG_WARN_OBJC_ROOT_CLASS = YES_ERROR;
				CLANG_WARN_QUOTED_INCLUDE_IN_FRAMEWORK_HEADER = YES;
				CLANG_WARN_RANGE_LOOP_ANALYSIS = YES;
				CLANG_WARN_STRICT_PROTOTYPES = YES;
				CLANG_WARN_SUSPICIOUS_MOVE = YES;
				CLANG_WARN_UNGUARDED_AVAILABILITY = YES_AGGRESSIVE;
				CLANG_WARN_UNREACHABLE_CODE = YES;
				CLANG_WARN__DUPLICATE_METHOD_MATCH = YES;
				COPY_PHASE_STRIP = NO;
				DEBUG_INFORMATION_FORMAT = "dwarf-with-dsym";
				ENABLE_NS_ASSERTIONS = NO;
				ENABLE_STRICT_OBJC_MSGSEND = YES;
				GCC_C_LANGUAGE_STANDARD = gnu11;
				GCC_NO_COMMON_BLOCKS = YES;
				GCC_WARN_64_TO_32_BIT_CONVERSION = YES;
				GCC_WARN_ABOUT_RETURN_TYPE = YES_ERROR;
				GCC_WARN_UNDECLARED_SELECTOR = YES;
				GCC_WARN_UNINITIALIZED_AUTOS = YES_AGGRESSIVE;
				GCC_WARN_UNUSED_FUNCTION = YES;
				GCC_WARN_UNUSED_VARIABLE = YES;
				IPHONEOS_DEPLOYMENT_TARGET = 16.2;
				MTL_ENABLE_DEBUG_INFO = NO;
				MTL_FAST_MATH = YES;
				SDKROOT = iphoneos;
				SWIFT_COMPILATION_MODE = wholemodule;
				SWIFT_OPTIMIZATION_LEVEL = "-O";
				VALIDATE_PRODUCT = YES;
			};
			name = Release;
		};
		A78442212996E79800058939 /* Debug */ = {
			isa = XCBuildConfiguration;
			buildSettings = {
				ASSETCATALOG_COMPILER_APPICON_NAME = AppIcon;
				ASSETCATALOG_COMPILER_GLOBAL_ACCENT_COLOR_NAME = AccentColor;
				CODE_SIGN_STYLE = Automatic;
				CURRENT_PROJECT_VERSION = 1;
				DEVELOPMENT_ASSET_PATHS = "\"Memoria/Preview Content\"";
				DEVELOPMENT_TEAM = 85F447C4S8;
				ENABLE_PREVIEWS = YES;
				GENERATE_INFOPLIST_FILE = YES;
				INFOPLIST_KEY_UIApplicationSceneManifest_Generation = YES;
				INFOPLIST_KEY_UIApplicationSupportsIndirectInputEvents = YES;
				INFOPLIST_KEY_UILaunchScreen_Generation = YES;
				INFOPLIST_KEY_UISupportedInterfaceOrientations_iPad = "UIInterfaceOrientationPortrait UIInterfaceOrientationPortraitUpsideDown UIInterfaceOrientationLandscapeLeft UIInterfaceOrientationLandscapeRight";
				INFOPLIST_KEY_UISupportedInterfaceOrientations_iPhone = "UIInterfaceOrientationPortrait UIInterfaceOrientationLandscapeLeft UIInterfaceOrientationLandscapeRight";
				LD_RUNPATH_SEARCH_PATHS = (
					"$(inherited)",
					"@executable_path/Frameworks",
				);
				MARKETING_VERSION = 1.0;
				PRODUCT_BUNDLE_IDENTIFIER = br.erickweil.Memoria;
				PRODUCT_NAME = "$(TARGET_NAME)";
				SWIFT_EMIT_LOC_STRINGS = YES;
				SWIFT_VERSION = 5.0;
				TARGETED_DEVICE_FAMILY = "1,2";
			};
			name = Debug;
		};
		A78442222996E79800058939 /* Release */ = {
			isa = XCBuildConfiguration;
			buildSettings = {
				ASSETCATALOG_COMPILER_APPICON_NAME = AppIcon;
				ASSETCATALOG_COMPILER_GLOBAL_ACCENT_COLOR_NAME = AccentColor;
				CODE_SIGN_STYLE = Automatic;
				CURRENT_PROJECT_VERSION = 1;
				DEVELOPMENT_ASSET_PATHS = "\"Memoria/Preview Content\"";
				DEVELOPMENT_TEAM = 85F447C4S8;
				ENABLE_PREVIEWS = YES;
				GENERATE_INFOPLIST_FILE = YES;
				INFOPLIST_KEY_UIApplicationSceneManifest_Generation = YES;
				INFOPLIST_KEY_UIApplicationSupportsIndirectInputEvents = YES;
				INFOPLIST_KEY_UILaunchScreen_Generation = YES;
				INFOPLIST_KEY_UISupportedInterfaceOrientations_iPad = "UIInterfaceOrientationPortrait UIInterfaceOrientationPortraitUpsideDown UIInterfaceOrientationLandscapeLeft UIInterfaceOrientationLandscapeRight";
				INFOPLIST_KEY_UISupportedInterfaceOrientations_iPhone = "UIInterfaceOrientationPortrait UIInterfaceOrientationLandscapeLeft UIInterfaceOrientationLandscapeRight";
				LD_RUNPATH_SEARCH_PATHS = (
					"$(inherited)",
					"@executable_path/Frameworks",
				);
				MARKETING_VERSION = 1.0;
				PRODUCT_BUNDLE_IDENTIFIER = br.erickweil.Memoria;
				PRODUCT_NAME = "$(TARGET_NAME)";
				SWIFT_EMIT_LOC_STRINGS = YES;
				SWIFT_VERSION = 5.0;
				TARGETED_DEVICE_FAMILY = "1,2";
			};
			name = Release;
		};
/* End XCBuildConfiguration section */

/* Begin XCConfigurationList section */
		A784420D2996E79700058939 /* Build configuration list for PBXProject "Memoria" */ = {
			isa = XCConfigurationList;
			buildConfigurations = (
				A784421E2996E79800058939 /* Debug */,
				A784421F2996E79800058939 /* Release */,
			);
			defaultConfigurationIsVisible = 0;
			defaultConfigurationName = Release;
		};
		A78442202996E79800058939 /* Build configuration list for PBXNativeTarget "Memoria" */ = {
			isa = XCConfigurationList;
			buildConfigurations = (
				A78442212996E79800058939 /* Debug */,
				A78442222996E79800058939 /* Release */,
			);
			defaultConfigurationIsVisible = 0;
			defaultConfigurationName = Release;
		};
/* End XCConfigurationList section */
	};
	rootObject = A784420A2996E79700058939 /* Project object */;
}
